
Microsoft Visual Studio Solution File, Format Version 12.00
# Visual Studio Version 16
VisualStudioVersion = 16.0.30907.101
MinimumVisualStudioVersion = 10.0.40219.1
Project("{2150E333-8FDC-42A3-9474-1A3956D46DE8}") = "Services", "Services", "{473974E9-589D-4020-ACD9-92B5DB6CA6D7}"
EndProject
Project("{2150E333-8FDC-42A3-9474-1A3956D46DE8}") = "Catalog", "Catalog", "{AD3D18E1-F617-45F7-9F9B-AD561C00B909}"
EndProject
Project("{9A19103F-16F7-4668-BE54-9A1E7A4F7556}") = "Catalog.API", "Services\Catalog\Catalog.API\Catalog.API.csproj", "{07FC9CC5-2BAC-4FAE-B6AC-92D19E9058FC}"
EndProject
Project("{E53339B2-1760-4266-BCC7-CA923CBCF16C}") = "docker-compose", "docker-compose.dcproj", "{3D2827EE-9BD0-4799-AFDD-3231678BDE35}"
EndProject
Project("{2150E333-8FDC-42A3-9474-1A3956D46DE8}") = "Basket", "Basket", "{8C884314-F599-401B-914A-994B1EC99865}"
EndProject
Project("{9A19103F-16F7-4668-BE54-9A1E7A4F7556}") = "Basket.API", "Services\Basket\Basket.API\Basket.API.csproj", "{5DF2B47D-5B10-451F-A986-9B096D960947}"
EndProject
Project("{2150E333-8FDC-42A3-9474-1A3956D46DE8}") = "Discount", "Discount", "{E0DEA816-442F-44EE-A762-08B5012ADF42}"
EndProject
Project("{9A19103F-16F7-4668-BE54-9A1E7A4F7556}") = "Discount.API", "Services\Discount\Discount.API\Discount.API.csproj", "{A53629F4-31A0-4475-9481-8E6E36911460}"
EndProject
Project("{9A19103F-16F7-4668-BE54-9A1E7A4F7556}") = "Discount.Grpc", "Services\Discount\Discount.Grpc\Discount.Grpc.csproj", "{A98E0776-5FA9-47F1-B35E-398713753598}"
EndProject
Project("{2150E333-8FDC-42A3-9474-1A3956D46DE8}") = "Ordering", "Ordering", "{0F7060BD-04C3-421C-869B-89647EDA6F3D}"
EndProject
Project("{9A19103F-16F7-4668-BE54-9A1E7A4F7556}") = "Ordering.API", "Services\Ordering\Ordering.API\Ordering.API.csproj", "{A91CF2EA-D286-4578-B4CE-78DF35A29942}"
EndProject
Project("{9A19103F-16F7-4668-BE54-9A1E7A4F7556}") = "Ordering.Domain", "Services\Ordering\Ordering.Domain\Ordering.Domain.csproj", "{51C36F0A-F10D-4B2D-8BED-FA6D416A4D03}"
EndProject
Project("{9A19103F-16F7-4668-BE54-9A1E7A4F7556}") = "Ordering.Application", "Services\Ordering\Ordering.Application\Ordering.Application.csproj", "{0247685C-855E-48CA-80D2-C710B1DC4FCE}"
EndProject
Project("{9A19103F-16F7-4668-BE54-9A1E7A4F7556}") = "Ordering.Infrastructure", "Services\Ordering\Ordering.Infrastructure\Ordering.Infrastructure.csproj", "{33DF717F-34C0-4148-ACA5-B85771D34724}"
EndProject
Project("{2150E333-8FDC-42A3-9474-1A3956D46DE8}") = "BuildingBlocks", "BuildingBlocks", "{BCE524B5-EA01-419D-B1B1-5507280D9BB6}"
EndProject
Project("{9A19103F-16F7-4668-BE54-9A1E7A4F7556}") = "EventBus.Messages", "BuildingBlocks\EventBus.Messages\EventBus.Messages.csproj", "{CB468481-757B-45C1-9A35-AF01364993B3}"
EndProject
Project("{2150E333-8FDC-42A3-9474-1A3956D46DE8}") = "ApiGateways", "ApiGateways", "{87784C33-95A5-4936-B832-929B5498A9A8}"
EndProject
Project("{FAE04EC0-301F-11D3-BF4B-00C04F79EFBC}") = "OcelotApiGw", "ApiGateways\OcelotApiGw\OcelotApiGw.csproj", "{7DEB4A72-F421-4CF2-B82D-5A471E14F094}"
EndProject
Global
	GlobalSection(SolutionConfigurationPlatforms) = preSolution
		Debug|Any CPU = Debug|Any CPU
		Release|Any CPU = Release|Any CPU
	EndGlobalSection
	GlobalSection(ProjectConfigurationPlatforms) = postSolution
		{07FC9CC5-2BAC-4FAE-B6AC-92D19E9058FC}.Debug|Any CPU.ActiveCfg = Debug|Any CPU
		{07FC9CC5-2BAC-4FAE-B6AC-92D19E9058FC}.Debug|Any CPU.Build.0 = Debug|Any CPU
		{07FC9CC5-2BAC-4FAE-B6AC-92D19E9058FC}.Release|Any CPU.ActiveCfg = Release|Any CPU
		{07FC9CC5-2BAC-4FAE-B6AC-92D19E9058FC}.Release|Any CPU.Build.0 = Release|Any CPU
		{3D2827EE-9BD0-4799-AFDD-3231678BDE35}.Debug|Any CPU.ActiveCfg = Debug|Any CPU
		{3D2827EE-9BD0-4799-AFDD-3231678BDE35}.Debug|Any CPU.Build.0 = Debug|Any CPU
		{3D2827EE-9BD0-4799-AFDD-3231678BDE35}.Release|Any CPU.ActiveCfg = Release|Any CPU
		{3D2827EE-9BD0-4799-AFDD-3231678BDE35}.Release|Any CPU.Build.0 = Release|Any CPU
		{5DF2B47D-5B10-451F-A986-9B096D960947}.Debug|Any CPU.ActiveCfg = Debug|Any CPU
		{5DF2B47D-5B10-451F-A986-9B096D960947}.Debug|Any CPU.Build.0 = Debug|Any CPU
		{5DF2B47D-5B10-451F-A986-9B096D960947}.Release|Any CPU.ActiveCfg = Release|Any CPU
		{5DF2B47D-5B10-451F-A986-9B096D960947}.Release|Any CPU.Build.0 = Release|Any CPU
		{A53629F4-31A0-4475-9481-8E6E36911460}.Debug|Any CPU.ActiveCfg = Debug|Any CPU
		{A53629F4-31A0-4475-9481-8E6E36911460}.Debug|Any CPU.Build.0 = Debug|Any CPU
		{A53629F4-31A0-4475-9481-8E6E36911460}.Release|Any CPU.ActiveCfg = Release|Any CPU
		{A53629F4-31A0-4475-9481-8E6E36911460}.Release|Any CPU.Build.0 = Release|Any CPU
		{A98E0776-5FA9-47F1-B35E-398713753598}.Debug|Any CPU.ActiveCfg = Debug|Any CPU
		{A98E0776-5FA9-47F1-B35E-398713753598}.Debug|Any CPU.Build.0 = Debug|Any CPU
		{A98E0776-5FA9-47F1-B35E-398713753598}.Release|Any CPU.ActiveCfg = Release|Any CPU
		{A98E0776-5FA9-47F1-B35E-398713753598}.Release|Any CPU.Build.0 = Release|Any CPU
		{A91CF2EA-D286-4578-B4CE-78DF35A29942}.Debug|Any CPU.ActiveCfg = Debug|Any CPU
		{A91CF2EA-D286-4578-B4CE-78DF35A29942}.Debug|Any CPU.Build.0 = Debug|Any CPU
		{A91CF2EA-D286-4578-B4CE-78DF35A29942}.Release|Any CPU.ActiveCfg = Release|Any CPU
		{A91CF2EA-D286-4578-B4CE-78DF35A29942}.Release|Any CPU.Build.0 = Release|Any CPU
		{51C36F0A-F10D-4B2D-8BED-FA6D416A4D03}.Debug|Any CPU.ActiveCfg = Debug|Any CPU
		{51C36F0A-F10D-4B2D-8BED-FA6D416A4D03}.Debug|Any CPU.Build.0 = Debug|Any CPU
		{51C36F0A-F10D-4B2D-8BED-FA6D416A4D03}.Release|Any CPU.ActiveCfg = Release|Any CPU
		{51C36F0A-F10D-4B2D-8BED-FA6D416A4D03}.Release|Any CPU.Build.0 = Release|Any CPU
		{0247685C-855E-48CA-80D2-C710B1DC4FCE}.Debug|Any CPU.ActiveCfg = Debug|Any CPU
		{0247685C-855E-48CA-80D2-C710B1DC4FCE}.Debug|Any CPU.Build.0 = Debug|Any CPU
		{0247685C-855E-48CA-80D2-C710B1DC4FCE}.Release|Any CPU.ActiveCfg = Release|Any CPU
		{0247685C-855E-48CA-80D2-C710B1DC4FCE}.Release|Any CPU.Build.0 = Release|Any CPU
		{33DF717F-34C0-4148-ACA5-B85771D34724}.Debug|Any CPU.ActiveCfg = Debug|Any CPU
		{33DF717F-34C0-4148-ACA5-B85771D34724}.Debug|Any CPU.Build.0 = Debug|Any CPU
		{33DF717F-34C0-4148-ACA5-B85771D34724}.Release|Any CPU.ActiveCfg = Release|Any CPU
		{33DF717F-34C0-4148-ACA5-B85771D34724}.Release|Any CPU.Build.0 = Release|Any CPU
		{CB468481-757B-45C1-9A35-AF01364993B3}.Debug|Any CPU.ActiveCfg = Debug|Any CPU
		{CB468481-757B-45C1-9A35-AF01364993B3}.Debug|Any CPU.Build.0 = Debug|Any CPU
		{CB468481-757B-45C1-9A35-AF01364993B3}.Release|Any CPU.ActiveCfg = Release|Any CPU
		{CB468481-757B-45C1-9A35-AF01364993B3}.Release|Any CPU.Build.0 = Release|Any CPU
		{7DEB4A72-F421-4CF2-B82D-5A471E14F094}.Debug|Any CPU.ActiveCfg = Debug|Any CPU
		{7DEB4A72-F421-4CF2-B82D-5A471E14F094}.Debug|Any CPU.Build.0 = Debug|Any CPU
		{7DEB4A72-F421-4CF2-B82D-5A471E14F094}.Release|Any CPU.ActiveCfg = Release|Any CPU
		{7DEB4A72-F421-4CF2-B82D-5A471E14F094}.Release|Any CPU.Build.0 = Release|Any CPU
	EndGlobalSection
	GlobalSection(SolutionProperties) = preSolution
		HideSolutionNode = FALSE
	EndGlobalSection
	GlobalSection(NestedProjects) = preSolution
		{AD3D18E1-F617-45F7-9F9B-AD561C00B909} = {473974E9-589D-4020-ACD9-92B5DB6CA6D7}
		{07FC9CC5-2BAC-4FAE-B6AC-92D19E9058FC} = {AD3D18E1-F617-45F7-9F9B-AD561C00B909}
		{8C884314-F599-401B-914A-994B1EC99865} = {473974E9-589D-4020-ACD9-92B5DB6CA6D7}
		{5DF2B47D-5B10-451F-A986-9B096D960947} = {8C884314-F599-401B-914A-994B1EC99865}
		{E0DEA816-442F-44EE-A762-08B5012ADF42} = {473974E9-589D-4020-ACD9-92B5DB6CA6D7}
		{A53629F4-31A0-4475-9481-8E6E36911460} = {E0DEA816-442F-44EE-A762-08B5012ADF42}
		{A98E0776-5FA9-47F1-B35E-398713753598} = {E0DEA816-442F-44EE-A762-08B5012ADF42}
		{0F7060BD-04C3-421C-869B-89647EDA6F3D} = {473974E9-589D-4020-ACD9-92B5DB6CA6D7}
		{A91CF2EA-D286-4578-B4CE-78DF35A29942} = {0F7060BD-04C3-421C-869B-89647EDA6F3D}
		{51C36F0A-F10D-4B2D-8BED-FA6D416A4D03} = {0F7060BD-04C3-421C-869B-89647EDA6F3D}
		{0247685C-855E-48CA-80D2-C710B1DC4FCE} = {0F7060BD-04C3-421C-869B-89647EDA6F3D}
		{33DF717F-34C0-4148-ACA5-B85771D34724} = {0F7060BD-04C3-421C-869B-89647EDA6F3D}
		{CB468481-757B-45C1-9A35-AF01364993B3} = {BCE524B5-EA01-419D-B1B1-5507280D9BB6}
		{7DEB4A72-F421-4CF2-B82D-5A471E14F094} = {87784C33-95A5-4936-B832-929B5498A9A8}
	EndGlobalSection
	GlobalSection(ExtensibilityGlobals) = postSolution
		SolutionGuid = {81E1200D-E173-4851-BA32-3629FCBFC449}
	EndGlobalSection
EndGlobal
